# THIS IS AN AUTOGENERATED FILE. DO NOT EDIT THIS FILE DIRECTLY.
# yarn lockfile v1


base64-js@^1.3.1:
  version "1.5.1"
  resolved "https://registry.yarnpkg.com/base64-js/-/base64-js-1.5.1.tgz#1b1b440160a5bf7ad40b650f095963481903930a"
  integrity sha512-AKpaYlHn8t4SVbOHCy+b5+KKgvR4vrsD8vbvrbiQJps7fKDTkjkDry6ji0rUJjC0kzbNePLwzxq8iypo41qeWA==

"buffer@github:feross/buffer":
  version "6.0.3"
  resolved "https://codeload.github.com/feross/buffer/tar.gz/795bbb5bda1b39f1370ebd784bea6107b087e3a7"
  dependencies:
    base64-js "^1.3.1"
    ieee754 "^1.2.1"

easy-web-crypto@^1.2.10:
  version "1.2.10"
  resolved "https://registry.yarnpkg.com/easy-web-crypto/-/easy-web-crypto-1.2.10.tgz#695c68acb4c766af8833d1d3240029cffe2d461d"
  integrity sha512-amZj0CYkLAr9GN40HscaGBgs8J3gX6zIBvN2MU6ZLLvKy3AHxEGPZDoNxvOYJR7ZT8P5bSRjUl/Jfb5KCh6q+A==
  dependencies:
    buffer "github:feross/buffer"

ieee754@^1.2.1:
  version "1.2.1"
  resolved "https://registry.yarnpkg.com/ieee754/-/ieee754-1.2.1.tgz#8eb7a10a63fff25d15a57b001586d177d1b0d352"
  integrity sha512-dcyqhDvX1C46lXZcVqCpK+FtMRQVdIMN6/Df5js2zouUsqG7I6sFxitIC+7KYK29KdXOLHdu9zL4sFnoVQnqaA==
